
Microsoft Visual Studio Solution File, Format Version 12.00
# Visual Studio Version 17
VisualStudioVersion = 17.2.32526.322
MinimumVisualStudioVersion = 10.0.40219.1
Project("{FAE04EC0-301F-11D3-BF4B-00C04F79EFBC}") = "Views", "Views\Views.csproj", "{228030AC-F02D-4FAC-A938-07C1400EE654}"
EndProject
Project("{FAE04EC0-301F-11D3-BF4B-00C04F79EFBC}") = "Controllers", "Controllers\Controllers.csproj", "{E353B2E8-7F61-4DDD-A96A-88AEFA2BF37D}"
EndProject
Project("{FAE04EC0-301F-11D3-BF4B-00C04F79EFBC}") = "Models", "Models\Models.csproj", "{DA1F38FB-572B-4A26-835E-3231CF715162}"
EndProject
Global
	GlobalSection(SolutionConfigurationPlatforms) = preSolution
		Debug|Any CPU = Debug|Any CPU
		Release|Any CPU = Release|Any CPU
	EndGlobalSection
	GlobalSection(ProjectConfigurationPlatforms) = postSolution
		{228030AC-F02D-4FAC-A938-07C1400EE654}.Debug|Any CPU.ActiveCfg = Debug|Any CPU
		{228030AC-F02D-4FAC-A938-07C1400EE654}.Debug|Any CPU.Build.0 = Debug|Any CPU
		{228030AC-F02D-4FAC-A938-07C1400EE654}.Release|Any CPU.ActiveCfg = Release|Any CPU
		{228030AC-F02D-4FAC-A938-07C1400EE654}.Release|Any CPU.Build.0 = Release|Any CPU
		{E353B2E8-7F61-4DDD-A96A-88AEFA2BF37D}.Debug|Any CPU.ActiveCfg = Debug|Any CPU
		{E353B2E8-7F61-4DDD-A96A-88AEFA2BF37D}.Debug|Any CPU.Build.0 = Debug|Any CPU
		{E353B2E8-7F61-4DDD-A96A-88AEFA2BF37D}.Release|Any CPU.ActiveCfg = Release|Any CPU
		{E353B2E8-7F61-4DDD-A96A-88AEFA2BF37D}.Release|Any CPU.Build.0 = Release|Any CPU
		{DA1F38FB-572B-4A26-835E-3231CF715162}.Debug|Any CPU.ActiveCfg = Debug|Any CPU
		{DA1F38FB-572B-4A26-835E-3231CF715162}.Debug|Any CPU.Build.0 = Debug|Any CPU
		{DA1F38FB-572B-4A26-835E-3231CF715162}.Release|Any CPU.ActiveCfg = Release|Any CPU
		{DA1F38FB-572B-4A26-835E-3231CF715162}.Release|Any CPU.Build.0 = Release|Any CPU
	EndGlobalSection
	GlobalSection(SolutionProperties) = preSolution
		HideSolutionNode = FALSE
	EndGlobalSection
	GlobalSection(ExtensibilityGlobals) = postSolution
		SolutionGuid = {A7A39A8C-BB53-4CBC-8BB5-E7EF63365350}
	EndGlobalSection
EndGlobal
